{
  "name": "node-java-bridge",
  "version": "0.0.1",
  "lockfileVersion": 1,
  "requires": true,
  "dependencies": {
    "@types/find-java-home": {
      "version": "1.0.0",
      "resolved": "https://registry.npmjs.org/@types/find-java-home/-/find-java-home-1.0.0.tgz",
      "integrity": "sha512-QXKAj1f4LA43n7yJpifC59XoK6HfoToYdeUtNTf3A7+qVMVEW6WtC2HDePzDlLpMElUgl9uxPJdbf8z3dtCvyg==",
      "dev": true,
      "requires": {
        "find-java-home": "*"
      }
    },
    "@types/node": {
      "version": "13.1.6",
      "resolved": "https://registry.npmjs.org/@types/node/-/node-13.1.6.tgz",
      "integrity": "sha512-Jg1F+bmxcpENHP23sVKkNuU3uaxPnsBMW0cLjleiikFKomJQbsn0Cqk2yDvQArqzZN6ABfBkZ0To7pQ8sLdWDg==",
      "dev": true
    },
    "find-java-home": {
      "version": "1.1.0",
      "resolved": "https://registry.npmjs.org/find-java-home/-/find-java-home-1.1.0.tgz",
      "integrity": "sha512-bSTCKNZ193UM/+ZZoNDzICAEHcVywovkhsWCkZALjCvRXQ+zXTe/XATrrP4CpxkaP6YFhQJOpyRpH0P2U/woDA==",
      "requires": {
        "which": "~1.0.5",
        "winreg": "~1.2.2"
      }
    },
    "typescript": {
      "version": "3.7.4",
      "resolved": "https://registry.npmjs.org/typescript/-/typescript-3.7.4.tgz",
      "integrity": "sha512-A25xv5XCtarLwXpcDNZzCGvW2D1S3/bACratYBx2sax8PefsFhlYmkQicKHvpYflFS8if4zne5zT5kpJ7pzuvw=="
    },
    "which": {
      "version": "1.0.9",
      "resolved": "https://registry.npmjs.org/which/-/which-1.0.9.tgz",
      "integrity": "sha1-RgwdoPgQED0DIam2M6+eV15kSG8="
    },
    "winreg": {
      "version": "1.2.4",
      "resolved": "https://registry.npmjs.org/winreg/-/winreg-1.2.4.tgz",
      "integrity": "sha1-ugZWKbepJRMOFXeRCM9UCZDpjRs="
    }
  }
}
